
Microsoft Visual Studio Solution File, Format Version 12.00
# Visual Studio Version 17
VisualStudioVersion = 17.2.32602.215
MinimumVisualStudioVersion = 10.0.40219.1
Project("{FAE04EC0-301F-11D3-BF4B-00C04F79EFBC}") = "pruebav2", "pruebav2\pruebav2.csproj", "{90B8F395-6280-4E6B-9FBA-1AC3A92596C1}"
EndProject
Global
	GlobalSection(SolutionConfigurationPlatforms) = preSolution
		Debug|Any CPU = Debug|Any CPU
		Release|Any CPU = Release|Any CPU
	EndGlobalSection
	GlobalSection(ProjectConfigurationPlatforms) = postSolution
		{90B8F395-6280-4E6B-9FBA-1AC3A92596C1}.Debug|Any CPU.ActiveCfg = Debug|Any CPU
		{90B8F395-6280-4E6B-9FBA-1AC3A92596C1}.Debug|Any CPU.Build.0 = Debug|Any CPU
		{90B8F395-6280-4E6B-9FBA-1AC3A92596C1}.Release|Any CPU.ActiveCfg = Release|Any CPU
		{90B8F395-6280-4E6B-9FBA-1AC3A92596C1}.Release|Any CPU.Build.0 = Release|Any CPU
	EndGlobalSection
	GlobalSection(SolutionProperties) = preSolution
		HideSolutionNode = FALSE
	EndGlobalSection
	GlobalSection(ExtensibilityGlobals) = postSolution
		SolutionGuid = {341A125A-7464-4238-A978-3BC72B5EFB30}
	EndGlobalSection
EndGlobal
